
Microsoft Visual Studio Solution File, Format Version 12.00
# Visual Studio Version 17
VisualStudioVersion = 17.9.34728.123
MinimumVisualStudioVersion = 10.0.40219.1
Project("{FAE04EC0-301F-11D3-BF4B-00C04F79EFBC}") = "testdevopsapp", "testdevopsapp\testdevopsapp.csproj", "{B6F12BA7-5BEF-4F1A-8C04-B77E948D262F}"
EndProject
Global
	GlobalSection(SolutionConfigurationPlatforms) = preSolution
		Debug|Any CPU = Debug|Any CPU
		Release|Any CPU = Release|Any CPU
	EndGlobalSection
	GlobalSection(ProjectConfigurationPlatforms) = postSolution
		{B6F12BA7-5BEF-4F1A-8C04-B77E948D262F}.Debug|Any CPU.ActiveCfg = Debug|Any CPU
		{B6F12BA7-5BEF-4F1A-8C04-B77E948D262F}.Debug|Any CPU.Build.0 = Debug|Any CPU
		{B6F12BA7-5BEF-4F1A-8C04-B77E948D262F}.Release|Any CPU.ActiveCfg = Release|Any CPU
		{B6F12BA7-5BEF-4F1A-8C04-B77E948D262F}.Release|Any CPU.Build.0 = Release|Any CPU
	EndGlobalSection
	GlobalSection(SolutionProperties) = preSolution
		HideSolutionNode = FALSE
	EndGlobalSection
	GlobalSection(ExtensibilityGlobals) = postSolution
		SolutionGuid = {6DED1E0D-468A-4596-9C3F-594E86443228}
	EndGlobalSection
EndGlobal
